// !$*UTF8*$!
{
	archiveVersion = 1;
	classes = {
	};
	objectVersion = 56;
	objects = {

/* Begin PBXBuildFile section */
		6437BC562BD3D31000A59988 /* EndTestView.swift in Sources */ = {isa = PBXBuildFile; fileRef = 6437BC552BD3D31000A59988 /* EndTestView.swift */; };
		644172D12BD3CDEA0019B2B1 /* ViewManager.swift in Sources */ = {isa = PBXBuildFile; fileRef = 644172D02BD3CDEA0019B2B1 /* ViewManager.swift */; };
		64717AE52BD3AD9A0007D9C7 /* QuestionViewModel.swift in Sources */ = {isa = PBXBuildFile; fileRef = 64717AE42BD3AD9A0007D9C7 /* QuestionViewModel.swift */; };
		649527F62BD3A9EF00C3C988 /* TestMyAedesApp.swift in Sources */ = {isa = PBXBuildFile; fileRef = 649527F52BD3A9EF00C3C988 /* TestMyAedesApp.swift */; };
		649527F82BD3A9EF00C3C988 /* StartGameView.swift in Sources */ = {isa = PBXBuildFile; fileRef = 649527F72BD3A9EF00C3C988 /* StartGameView.swift */; };
		649527FA2BD3A9F000C3C988 /* Assets.xcassets in Resources */ = {isa = PBXBuildFile; fileRef = 649527F92BD3A9F000C3C988 /* Assets.xcassets */; };
		649527FD2BD3A9F000C3C988 /* Preview Assets.xcassets in Resources */ = {isa = PBXBuildFile; fileRef = 649527FC2BD3A9F000C3C988 /* Preview Assets.xcassets */; };
		649528042BD3AA0E00C3C988 /* iOS Code Challenge.pdf in Resources */ = {isa = PBXBuildFile; fileRef = 649528032BD3AA0E00C3C988 /* iOS Code Challenge.pdf */; };
		649528092BD3AA3E00C3C988 /* Question.swift in Sources */ = {isa = PBXBuildFile; fileRef = 649528082BD3AA3E00C3C988 /* Question.swift */; };
		6495280C2BD3AC2700C3C988 /* QuestionView.swift in Sources */ = {isa = PBXBuildFile; fileRef = 6495280B2BD3AC2700C3C988 /* QuestionView.swift */; };
/* End PBXBuildFile section */

/* Begin PBXFileReference section */
		6437BC552BD3D31000A59988 /* EndTestView.swift */ = {isa = PBXFileReference; lastKnownFileType = sourcecode.swift; path = EndTestView.swift; sourceTree = "<group>"; };
		644172D02BD3CDEA0019B2B1 /* ViewManager.swift */ = {isa = PBXFileReference; lastKnownFileType = sourcecode.swift; path = ViewManager.swift; sourceTree = "<group>"; };
		64717AE42BD3AD9A0007D9C7 /* QuestionViewModel.swift */ = {isa = PBXFileReference; lastKnownFileType = sourcecode.swift; path = QuestionViewModel.swift; sourceTree = "<group>"; };
		649527F22BD3A9EF00C3C988 /* TestMyAedes.app */ = {isa = PBXFileReference; explicitFileType = wrapper.application; includeInIndex = 0; path = TestMyAedes.app; sourceTree = BUILT_PRODUCTS_DIR; };
		649527F52BD3A9EF00C3C988 /* TestMyAedesApp.swift */ = {isa = PBXFileReference; lastKnownFileType = sourcecode.swift; path = TestMyAedesApp.swift; sourceTree = "<group>"; };
		649527F72BD3A9EF00C3C988 /* StartGameView.swift */ = {isa = PBXFileReference; lastKnownFileType = sourcecode.swift; path = StartGameView.swift; sourceTree = "<group>"; };
		649527F92BD3A9F000C3C988 /* Assets.xcassets */ = {isa = PBXFileReference; lastKnownFileType = folder.assetcatalog; path = Assets.xcassets; sourceTree = "<group>"; };
		649527FC2BD3A9F000C3C988 /* Preview Assets.xcassets */ = {isa = PBXFileReference; lastKnownFileType = folder.assetcatalog; path = "Preview Assets.xcassets"; sourceTree = "<group>"; };
		649528032BD3AA0E00C3C988 /* iOS Code Challenge.pdf */ = {isa = PBXFileReference; lastKnownFileType = image.pdf; path = "iOS Code Challenge.pdf"; sourceTree = "<group>"; };
		649528082BD3AA3E00C3C988 /* Question.swift */ = {isa = PBXFileReference; lastKnownFileType = sourcecode.swift; path = Question.swift; sourceTree = "<group>"; };
		6495280B2BD3AC2700C3C988 /* QuestionView.swift */ = {isa = PBXFileReference; lastKnownFileType = sourcecode.swift; path = QuestionView.swift; sourceTree = "<group>"; };
/* End PBXFileReference section */

/* Begin PBXFrameworksBuildPhase section */
		649527EF2BD3A9EF00C3C988 /* Frameworks */ = {
			isa = PBXFrameworksBuildPhase;
			buildActionMask = 2147483647;
			files = (
			);
			runOnlyForDeploymentPostprocessing = 0;
		};
/* End PBXFrameworksBuildPhase section */

/* Begin PBXGroup section */
		649527E92BD3A9EF00C3C988 = {
			isa = PBXGroup;
			children = (
				649527F42BD3A9EF00C3C988 /* TestMyAedes */,
				649527F32BD3A9EF00C3C988 /* Products */,
			);
			sourceTree = "<group>";
		};
		649527F32BD3A9EF00C3C988 /* Products */ = {
			isa = PBXGroup;
			children = (
				649527F22BD3A9EF00C3C988 /* TestMyAedes.app */,
			);
			name = Products;
			sourceTree = "<group>";
		};
		649527F42BD3A9EF00C3C988 /* TestMyAedes */ = {
			isa = PBXGroup;
			children = (
				6495280A2BD3AA5E00C3C988 /* Documentation */,
				649528072BD3AA3100C3C988 /* ViewModels */,
				649528062BD3AA2D00C3C988 /* Views */,
				649528052BD3AA2500C3C988 /* Models */,
				649527F52BD3A9EF00C3C988 /* TestMyAedesApp.swift */,
				649527F92BD3A9F000C3C988 /* Assets.xcassets */,
				649527FB2BD3A9F000C3C988 /* Preview Content */,
			);
			path = TestMyAedes;
			sourceTree = "<group>";
		};
		649527FB2BD3A9F000C3C988 /* Preview Content */ = {
			isa = PBXGroup;
			children = (
				649527FC2BD3A9F000C3C988 /* Preview Assets.xcassets */,
			);
			path = "Preview Content";
			sourceTree = "<group>";
		};
		649528052BD3AA2500C3C988 /* Models */ = {
			isa = PBXGroup;
			children = (
				649528082BD3AA3E00C3C988 /* Question.swift */,
			);
			path = Models;
			sourceTree = "<group>";
		};
		649528062BD3AA2D00C3C988 /* Views */ = {
			isa = PBXGroup;
			children = (
				649527F72BD3A9EF00C3C988 /* StartGameView.swift */,
				6495280B2BD3AC2700C3C988 /* QuestionView.swift */,
				644172D02BD3CDEA0019B2B1 /* ViewManager.swift */,
				6437BC552BD3D31000A59988 /* EndTestView.swift */,
			);
			path = Views;
			sourceTree = "<group>";
		};
		649528072BD3AA3100C3C988 /* ViewModels */ = {
			isa = PBXGroup;
			children = (
				64717AE42BD3AD9A0007D9C7 /* QuestionViewModel.swift */,
			);
			path = ViewModels;
			sourceTree = "<group>";
		};
		6495280A2BD3AA5E00C3C988 /* Documentation */ = {
			isa = PBXGroup;
			children = (
				649528032BD3AA0E00C3C988 /* iOS Code Challenge.pdf */,
			);
			path = Documentation;
			sourceTree = "<group>";
		};
/* End PBXGroup section */

/* Begin PBXNativeTarget section */
		649527F12BD3A9EF00C3C988 /* TestMyAedes */ = {
			isa = PBXNativeTarget;
			buildConfigurationList = 649528002BD3A9F000C3C988 /* Build configuration list for PBXNativeTarget "TestMyAedes" */;
			buildPhases = (
				649527EE2BD3A9EF00C3C988 /* Sources */,
				649527EF2BD3A9EF00C3C988 /* Frameworks */,
				649527F02BD3A9EF00C3C988 /* Resources */,
			);
			buildRules = (
			);
			dependencies = (
			);
			name = TestMyAedes;
			productName = TestMyAedes;
			productReference = 649527F22BD3A9EF00C3C988 /* TestMyAedes.app */;
			productType = "com.apple.product-type.application";
		};
/* End PBXNativeTarget section */

/* Begin PBXProject section */
		649527EA2BD3A9EF00C3C988 /* Project object */ = {
			isa = PBXProject;
			attributes = {
				BuildIndependentTargetsInParallel = 1;
				LastSwiftUpdateCheck = 1500;
				LastUpgradeCheck = 1500;
				TargetAttributes = {
					649527F12BD3A9EF00C3C988 = {
						CreatedOnToolsVersion = 15.0;
					};
				};
			};
			buildConfigurationList = 649527ED2BD3A9EF00C3C988 /* Build configuration list for PBXProject "TestMyAedes" */;
			compatibilityVersion = "Xcode 14.0";
			developmentRegion = en;
			hasScannedForEncodings = 0;
			knownRegions = (
				en,
				Base,
			);
			mainGroup = 649527E92BD3A9EF00C3C988;
			productRefGroup = 649527F32BD3A9EF00C3C988 /* Products */;
			projectDirPath = "";
			projectRoot = "";
			targets = (
				649527F12BD3A9EF00C3C988 /* TestMyAedes */,
			);
		};
/* End PBXProject section */

/* Begin PBXResourcesBuildPhase section */
		649527F02BD3A9EF00C3C988 /* Resources */ = {
			isa = PBXResourcesBuildPhase;
			buildActionMask = 2147483647;
			files = (
				649527FD2BD3A9F000C3C988 /* Preview Assets.xcassets in Resources */,
				649528042BD3AA0E00C3C988 /* iOS Code Challenge.pdf in Resources */,
				649527FA2BD3A9F000C3C988 /* Assets.xcassets in Resources */,
			);
			runOnlyForDeploymentPostprocessing = 0;
		};
/* End PBXResourcesBuildPhase section */

/* Begin PBXSourcesBuildPhase section */
		649527EE2BD3A9EF00C3C988 /* Sources */ = {
			isa = PBXSourcesBuildPhase;
			buildActionMask = 2147483647;
			files = (
				644172D12BD3CDEA0019B2B1 /* ViewManager.swift in Sources */,
				6495280C2BD3AC2700C3C988 /* QuestionView.swift in Sources */,
				649528092BD3AA3E00C3C988 /* Question.swift in Sources */,
				64717AE52BD3AD9A0007D9C7 /* QuestionViewModel.swift in Sources */,
				649527F82BD3A9EF00C3C988 /* StartGameView.swift in Sources */,
				6437BC562BD3D31000A59988 /* EndTestView.swift in Sources */,
				649527F62BD3A9EF00C3C988 /* TestMyAedesApp.swift in Sources */,
			);
			runOnlyForDeploymentPostprocessing = 0;
		};
/* End PBXSourcesBuildPhase section */

/* Begin XCBuildConfiguration section */
		649527FE2BD3A9F000C3C988 /* Debug */ = {
			isa = XCBuildConfiguration;
			buildSettings = {
				ALWAYS_SEARCH_USER_PATHS = NO;
				ASSETCATALOG_COMPILER_GENERATE_SWIFT_ASSET_SYMBOL_EXTENSIONS = YES;
				CLANG_ANALYZER_NONNULL = YES;
				CLANG_ANALYZER_NUMBER_OBJECT_CONVERSION = YES_AGGRESSIVE;
				CLANG_CXX_LANGUAGE_STANDARD = "gnu++20";
				CLANG_ENABLE_MODULES = YES;
				CLANG_ENABLE_OBJC_ARC = YES;
				CLANG_ENABLE_OBJC_WEAK = YES;
				CLANG_WARN_BLOCK_CAPTURE_AUTORELEASING = YES;
				CLANG_WARN_BOOL_CONVERSION = YES;
				CLANG_WARN_COMMA = YES;
				CLANG_WARN_CONSTANT_CONVERSION = YES;
				CLANG_WARN_DEPRECATED_OBJC_IMPLEMENTATIONS = YES;
				CLANG_WARN_DIRECT_OBJC_ISA_USAGE = YES_ERROR;
				CLANG_WARN_DOCUMENTATION_COMMENTS = YES;
				CLANG_WARN_EMPTY_BODY = YES;
				CLANG_WARN_ENUM_CONVERSION = YES;
				CLANG_WARN_INFINITE_RECURSION = YES;
				CLANG_WARN_INT_CONVERSION = YES;
				CLANG_WARN_NON_LITERAL_NULL_CONVERSION = YES;
				CLANG_WARN_OBJC_IMPLICIT_RETAIN_SELF = YES;
				CLANG_WARN_OBJC_LITERAL_CONVERSION = YES;
				CLANG_WARN_OBJC_ROOT_CLASS = YES_ERROR;
				CLANG_WARN_QUOTED_INCLUDE_IN_FRAMEWORK_HEADER = YES;
				CLANG_WARN_RANGE_LOOP_ANALYSIS = YES;
				CLANG_WARN_STRICT_PROTOTYPES = YES;
				CLANG_WARN_SUSPICIOUS_MOVE = YES;
				CLANG_WARN_UNGUARDED_AVAILABILITY = YES_AGGRESSIVE;
				CLANG_WARN_UNREACHABLE_CODE = YES;
				CLANG_WARN__DUPLICATE_METHOD_MATCH = YES;
				COPY_PHASE_STRIP = NO;
				DEBUG_INFORMATION_FORMAT = dwarf;
				ENABLE_STRICT_OBJC_MSGSEND = YES;
				ENABLE_TESTABILITY = YES;
				ENABLE_USER_SCRIPT_SANDBOXING = YES;
				GCC_C_LANGUAGE_STANDARD = gnu17;
				GCC_DYNAMIC_NO_PIC = NO;
				GCC_NO_COMMON_BLOCKS = YES;
				GCC_OPTIMIZATION_LEVEL = 0;
				GCC_PREPROCESSOR_DEFINITIONS = (
					"DEBUG=1",
					"$(inherited)",
				);
				GCC_WARN_64_TO_32_BIT_CONVERSION = YES;
				GCC_WARN_ABOUT_RETURN_TYPE = YES_ERROR;
				GCC_WARN_UNDECLARED_SELECTOR = YES;
				GCC_WARN_UNINITIALIZED_AUTOS = YES_AGGRESSIVE;
				GCC_WARN_UNUSED_FUNCTION = YES;
				GCC_WARN_UNUSED_VARIABLE = YES;
				IPHONEOS_DEPLOYMENT_TARGET = 17.0;
				LOCALIZATION_PREFERS_STRING_CATALOGS = YES;
				MTL_ENABLE_DEBUG_INFO = INCLUDE_SOURCE;
				MTL_FAST_MATH = YES;
				ONLY_ACTIVE_ARCH = YES;
				SDKROOT = iphoneos;
				SWIFT_ACTIVE_COMPILATION_CONDITIONS = "DEBUG $(inherited)";
				SWIFT_OPTIMIZATION_LEVEL = "-Onone";
			};
			name = Debug;
		};
		649527FF2BD3A9F000C3C988 /* Release */ = {
			isa = XCBuildConfiguration;
			buildSettings = {
				ALWAYS_SEARCH_USER_PATHS = NO;
				ASSETCATALOG_COMPILER_GENERATE_SWIFT_ASSET_SYMBOL_EXTENSIONS = YES;
				CLANG_ANALYZER_NONNULL = YES;
				CLANG_ANALYZER_NUMBER_OBJECT_CONVERSION = YES_AGGRESSIVE;
				CLANG_CXX_LANGUAGE_STANDARD = "gnu++20";
				CLANG_ENABLE_MODULES = YES;
				CLANG_ENABLE_OBJC_ARC = YES;
				CLANG_ENABLE_OBJC_WEAK = YES;
				CLANG_WARN_BLOCK_CAPTURE_AUTORELEASING = YES;
				CLANG_WARN_BOOL_CONVERSION = YES;
				CLANG_WARN_COMMA = YES;
				CLANG_WARN_CONSTANT_CONVERSION = YES;
				CLANG_WARN_DEPRECATED_OBJC_IMPLEMENTATIONS = YES;
				CLANG_WARN_DIRECT_OBJC_ISA_USAGE = YES_ERROR;
				CLANG_WARN_DOCUMENTATION_COMMENTS = YES;
				CLANG_WARN_EMPTY_BODY = YES;
				CLANG_WARN_ENUM_CONVERSION = YES;
				CLANG_WARN_INFINITE_RECURSION = YES;
				CLANG_WARN_INT_CONVERSION = YES;
				CLANG_WARN_NON_LITERAL_NULL_CONVERSION = YES;
				CLANG_WARN_OBJC_IMPLICIT_RETAIN_SELF = YES;
				CLANG_WARN_OBJC_LITERAL_CONVERSION = YES;
				CLANG_WARN_OBJC_ROOT_CLASS = YES_ERROR;
				CLANG_WARN_QUOTED_INCLUDE_IN_FRAMEWORK_HEADER = YES;
				CLANG_WARN_RANGE_LOOP_ANALYSIS = YES;
				CLANG_WARN_STRICT_PROTOTYPES = YES;
				CLANG_WARN_SUSPICIOUS_MOVE = YES;
				CLANG_WARN_UNGUARDED_AVAILABILITY = YES_AGGRESSIVE;
				CLANG_WARN_UNREACHABLE_CODE = YES;
				CLANG_WARN__DUPLICATE_METHOD_MATCH = YES;
				COPY_PHASE_STRIP = NO;
				DEBUG_INFORMATION_FORMAT = "dwarf-with-dsym";
				ENABLE_NS_ASSERTIONS = NO;
				ENABLE_STRICT_OBJC_MSGSEND = YES;
				ENABLE_USER_SCRIPT_SANDBOXING = YES;
				GCC_C_LANGUAGE_STANDARD = gnu17;
				GCC_NO_COMMON_BLOCKS = YES;
				GCC_WARN_64_TO_32_BIT_CONVERSION = YES;
				GCC_WARN_ABOUT_RETURN_TYPE = YES_ERROR;
				GCC_WARN_UNDECLARED_SELECTOR = YES;
				GCC_WARN_UNINITIALIZED_AUTOS = YES_AGGRESSIVE;
				GCC_WARN_UNUSED_FUNCTION = YES;
				GCC_WARN_UNUSED_VARIABLE = YES;
				IPHONEOS_DEPLOYMENT_TARGET = 17.0;
				LOCALIZATION_PREFERS_STRING_CATALOGS = YES;
				MTL_ENABLE_DEBUG_INFO = NO;
				MTL_FAST_MATH = YES;
				SDKROOT = iphoneos;
				SWIFT_COMPILATION_MODE = wholemodule;
				VALIDATE_PRODUCT = YES;
			};
			name = Release;
		};
		649528012BD3A9F000C3C988 /* Debug */ = {
			isa = XCBuildConfiguration;
			buildSettings = {
				ASSETCATALOG_COMPILER_APPICON_NAME = AppIcon;
				ASSETCATALOG_COMPILER_GLOBAL_ACCENT_COLOR_NAME = AccentColor;
				CODE_SIGN_STYLE = Automatic;
				CURRENT_PROJECT_VERSION = 1;
				DEVELOPMENT_ASSET_PATHS = "\"TestMyAedes/Preview Content\"";
				DEVELOPMENT_TEAM = 748PU47959;
				ENABLE_PREVIEWS = YES;
				GENERATE_INFOPLIST_FILE = YES;
				INFOPLIST_KEY_UIApplicationSceneManifest_Generation = YES;
				INFOPLIST_KEY_UIApplicationSupportsIndirectInputEvents = YES;
				INFOPLIST_KEY_UILaunchScreen_Generation = YES;
				INFOPLIST_KEY_UISupportedInterfaceOrientations_iPad = "UIInterfaceOrientationPortrait UIInterfaceOrientationPortraitUpsideDown UIInterfaceOrientationLandscapeLeft UIInterfaceOrientationLandscapeRight";
				INFOPLIST_KEY_UISupportedInterfaceOrientations_iPhone = "UIInterfaceOrientationPortrait UIInterfaceOrientationLandscapeLeft UIInterfaceOrientationLandscapeRight";
				LD_RUNPATH_SEARCH_PATHS = (
					"$(inherited)",
					"@executable_path/Frameworks",
				);
				MARKETING_VERSION = 1.0;
				PRODUCT_BUNDLE_IDENTIFIER = com.riccardodistefano.TestMyAedes;
				PRODUCT_NAME = "$(TARGET_NAME)";
				SWIFT_EMIT_LOC_STRINGS = YES;
				SWIFT_VERSION = 5.0;
				TARGETED_DEVICE_FAMILY = "1,2";
			};
			name = Debug;
		};
		649528022BD3A9F000C3C988 /* Release */ = {
			isa = XCBuildConfiguration;
			buildSettings = {
				ASSETCATALOG_COMPILER_APPICON_NAME = AppIcon;
				ASSETCATALOG_COMPILER_GLOBAL_ACCENT_COLOR_NAME = AccentColor;
				CODE_SIGN_STYLE = Automatic;
				CURRENT_PROJECT_VERSION = 1;
				DEVELOPMENT_ASSET_PATHS = "\"TestMyAedes/Preview Content\"";
				DEVELOPMENT_TEAM = 748PU47959;
				ENABLE_PREVIEWS = YES;
				GENERATE_INFOPLIST_FILE = YES;
				INFOPLIST_KEY_UIApplicationSceneManifest_Generation = YES;
				INFOPLIST_KEY_UIApplicationSupportsIndirectInputEvents = YES;
				INFOPLIST_KEY_UILaunchScreen_Generation = YES;
				INFOPLIST_KEY_UISupportedInterfaceOrientations_iPad = "UIInterfaceOrientationPortrait UIInterfaceOrientationPortraitUpsideDown UIInterfaceOrientationLandscapeLeft UIInterfaceOrientationLandscapeRight";
				INFOPLIST_KEY_UISupportedInterfaceOrientations_iPhone = "UIInterfaceOrientationPortrait UIInterfaceOrientationLandscapeLeft UIInterfaceOrientationLandscapeRight";
				LD_RUNPATH_SEARCH_PATHS = (
					"$(inherited)",
					"@executable_path/Frameworks",
				);
				MARKETING_VERSION = 1.0;
				PRODUCT_BUNDLE_IDENTIFIER = com.riccardodistefano.TestMyAedes;
				PRODUCT_NAME = "$(TARGET_NAME)";
				SWIFT_EMIT_LOC_STRINGS = YES;
				SWIFT_VERSION = 5.0;
				TARGETED_DEVICE_FAMILY = "1,2";
			};
			name = Release;
		};
/* End XCBuildConfiguration section */

/* Begin XCConfigurationList section */
		649527ED2BD3A9EF00C3C988 /* Build configuration list for PBXProject "TestMyAedes" */ = {
			isa = XCConfigurationList;
			buildConfigurations = (
				649527FE2BD3A9F000C3C988 /* Debug */,
				649527FF2BD3A9F000C3C988 /* Release */,
			);
			defaultConfigurationIsVisible = 0;
			defaultConfigurationName = Release;
		};
		649528002BD3A9F000C3C988 /* Build configuration list for PBXNativeTarget "TestMyAedes" */ = {
			isa = XCConfigurationList;
			buildConfigurations = (
				649528012BD3A9F000C3C988 /* Debug */,
				649528022BD3A9F000C3C988 /* Release */,
			);
			defaultConfigurationIsVisible = 0;
			defaultConfigurationName = Release;
		};
/* End XCConfigurationList section */
	};
	rootObject = 649527EA2BD3A9EF00C3C988 /* Project object */;
}
